# THIS IS AN AUTOGENERATED FILE. DO NOT EDIT THIS FILE DIRECTLY.
# yarn lockfile v1


prettier-plugin-tailwindcss@^0.6.11:
  version "0.6.14"
  resolved "https://registry.yarnpkg.com/prettier-plugin-tailwindcss/-/prettier-plugin-tailwindcss-0.6.14.tgz#06701a580f7104c034ae3b699dbd17a80d67f0cd"
  integrity sha512-pi2e/+ZygeIqntN+vC573BcW5Cve8zUB0SSAGxqpB4f96boZF4M3phPVoOFCeypwkpRYdi7+jQ5YJJUwrkGUAg==

prettier@^3.5.0:
  version "3.8.1"
  resolved "https://registry.yarnpkg.com/prettier/-/prettier-3.8.1.tgz#edf48977cf991558f4fcbd8a3ba6015ba2a3a173"
  integrity sha512-UOnG6LftzbdaHZcKoPFtOcCKztrQ57WkHDeRD9t/PTQtmT0NHSeWWepj6pS0z/N7+08BHFDQVUrfmfMRcZwbMg==

turbo-darwin-64@2.8.13:
  version "2.8.13"
  resolved "https://registry.yarnpkg.com/turbo-darwin-64/-/turbo-darwin-64-2.8.13.tgz#1f77679143dd2eeaef85be47264e3c4b12611f4c"
  integrity sha512-PmOvodQNiOj77+Zwoqku70vwVjKzL34RTNxxoARjp5RU5FOj/CGiC6vcDQhNtFPUOWSAaogHF5qIka9TBhX4XA==

turbo-darwin-arm64@2.8.13:
  version "2.8.13"
  resolved "https://registry.yarnpkg.com/turbo-darwin-arm64/-/turbo-darwin-arm64-2.8.13.tgz#fa02bd2530f5ba41aa9a823626a9d62401e8ce89"
  integrity sha512-kI+anKcLIM4L8h+NsM7mtAUpElkCOxv5LgiQVQR8BASyDFfc8Efj5kCk3cqxuxOvIqx0sLfCX7atrHQ2kwuNJQ==

turbo-linux-64@2.8.13:
  version "2.8.13"
  resolved "https://registry.yarnpkg.com/turbo-linux-64/-/turbo-linux-64-2.8.13.tgz#2a759d4a1ff87f4e035dfbe9c574f291def7fad3"
  integrity sha512-j29KnQhHyzdzgCykBFeBqUPS4Wj7lWMnZ8CHqytlYDap4Jy70l4RNG46pOL9+lGu6DepK2s1rE86zQfo0IOdPw==

turbo-linux-arm64@2.8.13:
  version "2.8.13"
  resolved "https://registry.yarnpkg.com/turbo-linux-arm64/-/turbo-linux-arm64-2.8.13.tgz#b2afd136768f8f8e153571d74efec963fdc35711"
  integrity sha512-OEl1YocXGZDRDh28doOUn49QwNe82kXljO1HXApjU0LapkDiGpfl3jkAlPKxEkGDSYWc8MH5Ll8S16Rf5tEBYg==

turbo-windows-64@2.8.13:
  version "2.8.13"
  resolved "https://registry.yarnpkg.com/turbo-windows-64/-/turbo-windows-64-2.8.13.tgz#037fcf539c3ec66ad6ae74ce628d12563d7002b7"
  integrity sha512-717bVk1+Pn2Jody7OmWludhEirEe0okoj1NpRbSm5kVZz/yNN/jfjbxWC6ilimXMz7xoMT3IDfQFJsFR3PMANA==

turbo-windows-arm64@2.8.13:
  version "2.8.13"
  resolved "https://registry.yarnpkg.com/turbo-windows-arm64/-/turbo-windows-arm64-2.8.13.tgz#4917c3d6c96b8991243707ad6d03392629e87e4f"
  integrity sha512-R819HShLIT0Wj6zWVnIsYvSNtRNj1q9VIyaUz0P24SMcLCbQZIm1sV09F4SDbg+KCCumqD2lcaR2UViQ8SnUJA==

turbo@^2.4.2:
  version "2.8.13"
  resolved "https://registry.yarnpkg.com/turbo/-/turbo-2.8.13.tgz#f4103b33a16036b72a30473506601878c6e49bcb"
  integrity sha512-nyM99hwFB9/DHaFyKEqatdayGjsMNYsQ/XBNO6MITc7roncZetKb97MpHxWf3uiU+LB9c9HUlU3Jp2Ixei2k1A==
  optionalDependencies:
    turbo-darwin-64 "2.8.13"
    turbo-darwin-arm64 "2.8.13"
    turbo-linux-64 "2.8.13"
    turbo-linux-arm64 "2.8.13"
    turbo-windows-64 "2.8.13"
    turbo-windows-arm64 "2.8.13"

typescript@^5.7.3:
  version "5.9.3"
  resolved "https://registry.yarnpkg.com/typescript/-/typescript-5.9.3.tgz#5b4f59e15310ab17a216f5d6cf53ee476ede670f"
  integrity sha512-jl1vZzPDinLr9eUt3J/t7V6FgNEw9QjvBPdysz9KfQDD41fQrC2Y4vKQdiaUpFT4bXlb1RHhLpp8wtm6M5TgSw==
